{
  "nodes": {
    "nixpkgs": {
      "locked": {
        "lastModified": 1723277998,
        "narHash": "sha256-kC4W8fRkyoiJnwzRkwsVU3C2fKkX+iB/POGt0KZTimM=",
        "owner": "eljamm",
        "repo": "nixpkgs",
        "rev": "9686c8a33573c6ddf0d35a31062835705fbd9992",
        "type": "github"
      },
      "original": {
        "owner": "eljamm",
        "ref": "nix-rust-debug-3",
        "repo": "nixpkgs",
        "type": "github"
      }
    },
    "root": {
      "inputs": {
        "nixpkgs": "nixpkgs"
      }
    }
  },
  "root": "root",
  "version": 7
}
