{
  "nodes": {
    "nixpkgs": {
      "locked": {
        "lastModified": 1736253464,
        "narHash": "sha256-efec7I6Wp9z/7nqnuS85HL8nwVfypJG5Nf3YB9mNMqI=",
        "owner": "eljamm",
        "repo": "nixpkgs",
        "rev": "1a3f7b2b1e1fc03e3d643f0089feb40710ec747c",
        "type": "github"
      },
      "original": {
        "owner": "eljamm",
        "ref": "update/hatch",
        "repo": "nixpkgs",
        "type": "github"
      }
    },
    "root": {
      "inputs": {
        "nixpkgs": "nixpkgs"
      }
    }
  },
  "root": "root",
  "version": 7
}
