{
  "nodes": {
    "nixpkgs": {
      "locked": {
        "lastModified": 1723282178,
        "narHash": "sha256-uNEyTKr350+AHRvsFRDuLPEf4mTHMuHbj6dHU20O8Bs=",
        "owner": "eljamm",
        "repo": "nixpkgs",
        "rev": "2c424ee165bd18d690b41af007c654079a68f940",
        "type": "github"
      },
      "original": {
        "owner": "eljamm",
        "ref": "nix-rust-debug-4",
        "repo": "nixpkgs",
        "type": "github"
      }
    },
    "root": {
      "inputs": {
        "nixpkgs": "nixpkgs"
      }
    }
  },
  "root": "root",
  "version": 7
}
